
Microsoft Visual Studio Solution File, Format Version 12.00
# Visual Studio Version 16
VisualStudioVersion = 16.0.810.6
MinimumVisualStudioVersion = 10.0.40219.1
Project("{FAE04EC0-301F-11D3-BF4B-00C04F79EFBC}") = "Apple", "Apple\Apple.csproj", "{E6C27208-435A-4EF0-9F08-70B978051649}"
EndProject
Project("{2150E333-8FDC-42A3-9474-1A3956D46DE8}") = "Solution Items", "Solution Items", "{A517EA61-8D81-4A31-BE7F-4D97ACEA086E}"
	ProjectSection(SolutionItems) = preProject
		azure-pipelines.yml = azure-pipelines.yml
	EndProjectSection
EndProject
Global
	GlobalSection(SolutionConfigurationPlatforms) = preSolution
		Debug|Any CPU = Debug|Any CPU
		Release|Any CPU = Release|Any CPU
	EndGlobalSection
	GlobalSection(ProjectConfigurationPlatforms) = postSolution
		{E6C27208-435A-4EF0-9F08-70B978051649}.Debug|Any CPU.ActiveCfg = Debug|Any CPU
		{E6C27208-435A-4EF0-9F08-70B978051649}.Debug|Any CPU.Build.0 = Debug|Any CPU
		{E6C27208-435A-4EF0-9F08-70B978051649}.Release|Any CPU.ActiveCfg = Release|Any CPU
		{E6C27208-435A-4EF0-9F08-70B978051649}.Release|Any CPU.Build.0 = Release|Any CPU
	EndGlobalSection
	GlobalSection(SolutionProperties) = preSolution
		HideSolutionNode = FALSE
	EndGlobalSection
	GlobalSection(ExtensibilityGlobals) = postSolution
		SolutionGuid = {9CE8BFAE-E2A9-4A9C-8E78-B028CEDDF426}
	EndGlobalSection
EndGlobal
